
Microsoft Visual Studio Solution File, Format Version 12.00
# Visual Studio 15
VisualStudioVersion = 15.0.27130.2024
MinimumVisualStudioVersion = 10.0.40219.1
Project("{9A19103F-16F7-4668-BE54-9A1E7A4F7556}") = "Titanbot.Web", "Titanbot.Web\Titanbot.Web.csproj", "{93F93A20-AA03-4B1C-AAEC-5C7F8056E7D2}"
EndProject
Project("{FAE04EC0-301F-11D3-BF4B-00C04F79EFBC}") = "Discord.OAuth2", "Discord.OAuth2\Discord.OAuth2.csproj", "{8D295C5A-6FE9-4076-9CC4-1EEFEF900ABA}"
EndProject
Global
	GlobalSection(SolutionConfigurationPlatforms) = preSolution
		Debug|Any CPU = Debug|Any CPU
		Release|Any CPU = Release|Any CPU
	EndGlobalSection
	GlobalSection(ProjectConfigurationPlatforms) = postSolution
		{93F93A20-AA03-4B1C-AAEC-5C7F8056E7D2}.Debug|Any CPU.ActiveCfg = Debug|Any CPU
		{93F93A20-AA03-4B1C-AAEC-5C7F8056E7D2}.Debug|Any CPU.Build.0 = Debug|Any CPU
		{93F93A20-AA03-4B1C-AAEC-5C7F8056E7D2}.Release|Any CPU.ActiveCfg = Release|Any CPU
		{93F93A20-AA03-4B1C-AAEC-5C7F8056E7D2}.Release|Any CPU.Build.0 = Release|Any CPU
		{8D295C5A-6FE9-4076-9CC4-1EEFEF900ABA}.Debug|Any CPU.ActiveCfg = Debug|Any CPU
		{8D295C5A-6FE9-4076-9CC4-1EEFEF900ABA}.Debug|Any CPU.Build.0 = Debug|Any CPU
		{8D295C5A-6FE9-4076-9CC4-1EEFEF900ABA}.Release|Any CPU.ActiveCfg = Release|Any CPU
		{8D295C5A-6FE9-4076-9CC4-1EEFEF900ABA}.Release|Any CPU.Build.0 = Release|Any CPU
	EndGlobalSection
	GlobalSection(SolutionProperties) = preSolution
		HideSolutionNode = FALSE
	EndGlobalSection
	GlobalSection(ExtensibilityGlobals) = postSolution
		SolutionGuid = {3D83D62C-E5CD-4A77-ACD9-C6EB3CF31A2E}
	EndGlobalSection
EndGlobal
